{
  "name": "test",
  "version": "1.0.0",
  "lockfileVersion": 1,
  "requires": true,
  "dependencies": {
    "ireal-reader": {
      "version": "1.2.2",
      "resolved": "https://registry.npmjs.org/ireal-reader/-/ireal-reader-1.2.2.tgz",
      "integrity": "sha1-7crAQ5XS63+cCuw6Z14HA0avCjM="
    }
  }
}
